
Microsoft Visual Studio Solution File, Format Version 12.00
# Visual Studio Version 17
VisualStudioVersion = 17.5.002.0
MinimumVisualStudioVersion = 10.0.40219.1
Project("{9A19103F-16F7-4668-BE54-9A1E7A4F7556}") = "CSharpOpdrachten", "CSharpOpdrachten\CSharpOpdrachten.csproj", "{A60B8B94-713A-4088-A08B-7C90D479323B}"
EndProject
Global
	GlobalSection(SolutionConfigurationPlatforms) = preSolution
		Debug|Any CPU = Debug|Any CPU
		Release|Any CPU = Release|Any CPU
	EndGlobalSection
	GlobalSection(ProjectConfigurationPlatforms) = postSolution
		{A60B8B94-713A-4088-A08B-7C90D479323B}.Debug|Any CPU.ActiveCfg = Debug|Any CPU
		{A60B8B94-713A-4088-A08B-7C90D479323B}.Debug|Any CPU.Build.0 = Debug|Any CPU
		{A60B8B94-713A-4088-A08B-7C90D479323B}.Release|Any CPU.ActiveCfg = Release|Any CPU
		{A60B8B94-713A-4088-A08B-7C90D479323B}.Release|Any CPU.Build.0 = Release|Any CPU
	EndGlobalSection
	GlobalSection(SolutionProperties) = preSolution
		HideSolutionNode = FALSE
	EndGlobalSection
	GlobalSection(ExtensibilityGlobals) = postSolution
		SolutionGuid = {113DFCD6-90AA-46EB-A9C6-C662B806101E}
	EndGlobalSection
EndGlobal
